
Microsoft Visual Studio Solution File, Format Version 12.00
# Visual Studio Version 17
VisualStudioVersion = 17.6.33801.468
MinimumVisualStudioVersion = 10.0.40219.1
Project("{FAE04EC0-301F-11D3-BF4B-00C04F79EFBC}") = "FIT5032_MyCodeSnippet", "FIT5032_MyCodeSnippet\FIT5032_MyCodeSnippet.csproj", "{84826665-B88E-444A-8A09-2C6B73479310}"
EndProject
Global
	GlobalSection(SolutionConfigurationPlatforms) = preSolution
		Debug|Any CPU = Debug|Any CPU
		Release|Any CPU = Release|Any CPU
	EndGlobalSection
	GlobalSection(ProjectConfigurationPlatforms) = postSolution
		{84826665-B88E-444A-8A09-2C6B73479310}.Debug|Any CPU.ActiveCfg = Debug|Any CPU
		{84826665-B88E-444A-8A09-2C6B73479310}.Debug|Any CPU.Build.0 = Debug|Any CPU
		{84826665-B88E-444A-8A09-2C6B73479310}.Release|Any CPU.ActiveCfg = Release|Any CPU
		{84826665-B88E-444A-8A09-2C6B73479310}.Release|Any CPU.Build.0 = Release|Any CPU
	EndGlobalSection
	GlobalSection(SolutionProperties) = preSolution
		HideSolutionNode = FALSE
	EndGlobalSection
	GlobalSection(ExtensibilityGlobals) = postSolution
		SolutionGuid = {FBFD6899-25E7-43D2-B43B-B581B26926D6}
	EndGlobalSection
EndGlobal
